
Microsoft Visual Studio Solution File, Format Version 12.00
# Visual Studio Version 16
VisualStudioVersion = 16.0.28701.123
MinimumVisualStudioVersion = 10.0.40219.1
Project("{9A19103F-16F7-4668-BE54-9A1E7A4F7556}") = "Svelto.ECS", "Svelto.ECS\Svelto.ECS.csproj", "{FA56E2CA-2F6F-487E-A64D-E30B37777BC1}"
EndProject
Project("{9A19103F-16F7-4668-BE54-9A1E7A4F7556}") = "Svelto.Common", "Svelto.Common\Svelto.Common.csproj", "{5941B022-E71D-426B-8213-EBAA37D5BA79}"
EndProject
Project("{FAE04EC0-301F-11D3-BF4B-00C04F79EFBC}") = "Svelto.ECS.Tests", "Svelto.ECS.Tests\Svelto.ECS.Tests.csproj", "{1B5B6139-4D7F-4099-B472-EE5C5DFED38B}"
EndProject
Global
	GlobalSection(SolutionConfigurationPlatforms) = preSolution
		Debug|Any CPU = Debug|Any CPU
		Release|Any CPU = Release|Any CPU
	EndGlobalSection
	GlobalSection(ProjectConfigurationPlatforms) = postSolution
		{FA56E2CA-2F6F-487E-A64D-E30B37777BC1}.Debug|Any CPU.ActiveCfg = Debug|Any CPU
		{FA56E2CA-2F6F-487E-A64D-E30B37777BC1}.Debug|Any CPU.Build.0 = Debug|Any CPU
		{FA56E2CA-2F6F-487E-A64D-E30B37777BC1}.Release|Any CPU.ActiveCfg = Release|Any CPU
		{FA56E2CA-2F6F-487E-A64D-E30B37777BC1}.Release|Any CPU.Build.0 = Release|Any CPU
		{5941B022-E71D-426B-8213-EBAA37D5BA79}.Debug|Any CPU.ActiveCfg = Debug|Any CPU
		{5941B022-E71D-426B-8213-EBAA37D5BA79}.Debug|Any CPU.Build.0 = Debug|Any CPU
		{5941B022-E71D-426B-8213-EBAA37D5BA79}.Release|Any CPU.ActiveCfg = Release|Any CPU
		{5941B022-E71D-426B-8213-EBAA37D5BA79}.Release|Any CPU.Build.0 = Release|Any CPU
		{1B5B6139-4D7F-4099-B472-EE5C5DFED38B}.Debug|Any CPU.ActiveCfg = Debug|Any CPU
		{1B5B6139-4D7F-4099-B472-EE5C5DFED38B}.Debug|Any CPU.Build.0 = Debug|Any CPU
		{1B5B6139-4D7F-4099-B472-EE5C5DFED38B}.Release|Any CPU.ActiveCfg = Release|Any CPU
		{1B5B6139-4D7F-4099-B472-EE5C5DFED38B}.Release|Any CPU.Build.0 = Release|Any CPU
	EndGlobalSection
	GlobalSection(SolutionProperties) = preSolution
		HideSolutionNode = FALSE
	EndGlobalSection
	GlobalSection(ExtensibilityGlobals) = postSolution
		SolutionGuid = {6286ED4D-F0DD-470D-96E3-4858129B6730}
	EndGlobalSection
EndGlobal
