
Microsoft Visual Studio Solution File, Format Version 12.00
# Visual Studio 15
VisualStudioVersion = 15.0.27421.1
MinimumVisualStudioVersion = 10.0.40219.1
Project("{9A19103F-16F7-4668-BE54-9A1E7A4F7556}") = "Svelto.ECS", "Svelto.ECS\Svelto.ECS\Svelto.ECS.csproj", "{2CFF0AF0-8F4B-45CE-B5C3-B03E1B6C6A6C}"
EndProject
Project("{FAE04EC0-301F-11D3-BF4B-00C04F79EFBC}") = "Svelto.ECS.Tests", "Svelto.ECS.Tests\Svelto.ECS.Tests.csproj", "{1B903186-1A02-44C1-8E03-A45A64F17023}"
EndProject
Project("{9A19103F-16F7-4668-BE54-9A1E7A4F7556}") = "DictionaryTest", "DictionaryTest\DictionaryTest.csproj", "{BA9D60EB-C4B6-4FB4-8C1E-ED542C97F31D}"
EndProject
Project("{9A19103F-16F7-4668-BE54-9A1E7A4F7556}") = "ECSAllocationTest", "ECSAllocationTest\ECSAllocationTest.csproj", "{DEE343B1-C0FA-40E2-A1AC-6BA605BCD5D6}"
EndProject
Project("{9A19103F-16F7-4668-BE54-9A1E7A4F7556}") = "Svelto.Common", "Svelto.ECS\Svelto.Common\Svelto.Common.csproj", "{5A165DD8-A5BE-4C73-A9F8-7153348DFE66}"
EndProject
Global
	GlobalSection(SolutionConfigurationPlatforms) = preSolution
		Debug|Any CPU = Debug|Any CPU
		Release|Any CPU = Release|Any CPU
	EndGlobalSection
	GlobalSection(ProjectConfigurationPlatforms) = postSolution
		{2CFF0AF0-8F4B-45CE-B5C3-B03E1B6C6A6C}.Debug|Any CPU.ActiveCfg = Debug|Any CPU
		{2CFF0AF0-8F4B-45CE-B5C3-B03E1B6C6A6C}.Debug|Any CPU.Build.0 = Debug|Any CPU
		{2CFF0AF0-8F4B-45CE-B5C3-B03E1B6C6A6C}.Release|Any CPU.ActiveCfg = Release|Any CPU
		{2CFF0AF0-8F4B-45CE-B5C3-B03E1B6C6A6C}.Release|Any CPU.Build.0 = Release|Any CPU
		{1B903186-1A02-44C1-8E03-A45A64F17023}.Debug|Any CPU.ActiveCfg = Debug|Any CPU
		{1B903186-1A02-44C1-8E03-A45A64F17023}.Debug|Any CPU.Build.0 = Debug|Any CPU
		{1B903186-1A02-44C1-8E03-A45A64F17023}.Release|Any CPU.ActiveCfg = Release|Any CPU
		{1B903186-1A02-44C1-8E03-A45A64F17023}.Release|Any CPU.Build.0 = Release|Any CPU
		{BA9D60EB-C4B6-4FB4-8C1E-ED542C97F31D}.Debug|Any CPU.ActiveCfg = Debug|Any CPU
		{BA9D60EB-C4B6-4FB4-8C1E-ED542C97F31D}.Debug|Any CPU.Build.0 = Debug|Any CPU
		{BA9D60EB-C4B6-4FB4-8C1E-ED542C97F31D}.Release|Any CPU.ActiveCfg = Release|Any CPU
		{BA9D60EB-C4B6-4FB4-8C1E-ED542C97F31D}.Release|Any CPU.Build.0 = Release|Any CPU
		{DEE343B1-C0FA-40E2-A1AC-6BA605BCD5D6}.Debug|Any CPU.ActiveCfg = Debug|Any CPU
		{DEE343B1-C0FA-40E2-A1AC-6BA605BCD5D6}.Debug|Any CPU.Build.0 = Debug|Any CPU
		{DEE343B1-C0FA-40E2-A1AC-6BA605BCD5D6}.Release|Any CPU.ActiveCfg = Release|Any CPU
		{DEE343B1-C0FA-40E2-A1AC-6BA605BCD5D6}.Release|Any CPU.Build.0 = Release|Any CPU
		{5A165DD8-A5BE-4C73-A9F8-7153348DFE66}.Debug|Any CPU.ActiveCfg = Debug|Any CPU
		{5A165DD8-A5BE-4C73-A9F8-7153348DFE66}.Debug|Any CPU.Build.0 = Debug|Any CPU
		{5A165DD8-A5BE-4C73-A9F8-7153348DFE66}.Release|Any CPU.ActiveCfg = Release|Any CPU
		{5A165DD8-A5BE-4C73-A9F8-7153348DFE66}.Release|Any CPU.Build.0 = Release|Any CPU
	EndGlobalSection
	GlobalSection(SolutionProperties) = preSolution
		HideSolutionNode = FALSE
	EndGlobalSection
	GlobalSection(ExtensibilityGlobals) = postSolution
		SolutionGuid = {6286ED4D-F0DD-470D-96E3-4858129B6730}
	EndGlobalSection
EndGlobal
